// !$*UTF8*$!
{
	archiveVersion = 1;
	classes = {
	};
	objectVersion = 50;
	objects = {

/* Begin PBXBuildFile section */
		FCC753172556DC46005500D9 /* AppDelegate.swift in Sources */ = {isa = PBXBuildFile; fileRef = FCC753162556DC46005500D9 /* AppDelegate.swift */; };
		FCC753192556DC46005500D9 /* SceneDelegate.swift in Sources */ = {isa = PBXBuildFile; fileRef = FCC753182556DC46005500D9 /* SceneDelegate.swift */; };
		FCC7531B2556DC46005500D9 /* ViewController.swift in Sources */ = {isa = PBXBuildFile; fileRef = FCC7531A2556DC46005500D9 /* ViewController.swift */; };
		FCC753202556DC48005500D9 /* Assets.xcassets in Resources */ = {isa = PBXBuildFile; fileRef = FCC7531F2556DC48005500D9 /* Assets.xcassets */; };
		FCC753232556DC48005500D9 /* LaunchScreen.storyboard in Resources */ = {isa = PBXBuildFile; fileRef = FCC753212556DC48005500D9 /* LaunchScreen.storyboard */; };
		FCC7532F2556DDB3005500D9 /* SimpleViewController.swift in Sources */ = {isa = PBXBuildFile; fileRef = FCC7532E2556DDB3005500D9 /* SimpleViewController.swift */; };
		FCC753332556DDCB005500D9 /* ExampleTableViewController.swift in Sources */ = {isa = PBXBuildFile; fileRef = FCC753322556DDCB005500D9 /* ExampleTableViewController.swift */; };
		FCC753362556E232005500D9 /* GradientViewController.swift in Sources */ = {isa = PBXBuildFile; fileRef = FCC753352556E232005500D9 /* GradientViewController.swift */; };
		FCC753392556E411005500D9 /* DetailViewController.swift in Sources */ = {isa = PBXBuildFile; fileRef = FCC753382556E411005500D9 /* DetailViewController.swift */; };
/* End PBXBuildFile section */

/* Begin PBXFileReference section */
		FCC753132556DC46005500D9 /* CodeOnly.app */ = {isa = PBXFileReference; explicitFileType = wrapper.application; includeInIndex = 0; path = CodeOnly.app; sourceTree = BUILT_PRODUCTS_DIR; };
		FCC753162556DC46005500D9 /* AppDelegate.swift */ = {isa = PBXFileReference; lastKnownFileType = sourcecode.swift; path = AppDelegate.swift; sourceTree = "<group>"; };
		FCC753182556DC46005500D9 /* SceneDelegate.swift */ = {isa = PBXFileReference; lastKnownFileType = sourcecode.swift; path = SceneDelegate.swift; sourceTree = "<group>"; };
		FCC7531A2556DC46005500D9 /* ViewController.swift */ = {isa = PBXFileReference; lastKnownFileType = sourcecode.swift; path = ViewController.swift; sourceTree = "<group>"; };
		FCC7531F2556DC48005500D9 /* Assets.xcassets */ = {isa = PBXFileReference; lastKnownFileType = folder.assetcatalog; path = Assets.xcassets; sourceTree = "<group>"; };
		FCC753222556DC48005500D9 /* Base */ = {isa = PBXFileReference; lastKnownFileType = file.storyboard; name = Base; path = Base.lproj/LaunchScreen.storyboard; sourceTree = "<group>"; };
		FCC753242556DC48005500D9 /* Info.plist */ = {isa = PBXFileReference; lastKnownFileType = text.plist.xml; path = Info.plist; sourceTree = "<group>"; };
		FCC7532E2556DDB3005500D9 /* SimpleViewController.swift */ = {isa = PBXFileReference; lastKnownFileType = sourcecode.swift; path = SimpleViewController.swift; sourceTree = "<group>"; };
		FCC753322556DDCB005500D9 /* ExampleTableViewController.swift */ = {isa = PBXFileReference; lastKnownFileType = sourcecode.swift; path = ExampleTableViewController.swift; sourceTree = "<group>"; };
		FCC753352556E232005500D9 /* GradientViewController.swift */ = {isa = PBXFileReference; lastKnownFileType = sourcecode.swift; path = GradientViewController.swift; sourceTree = "<group>"; };
		FCC753382556E411005500D9 /* DetailViewController.swift */ = {isa = PBXFileReference; lastKnownFileType = sourcecode.swift; path = DetailViewController.swift; sourceTree = "<group>"; };
/* End PBXFileReference section */

/* Begin PBXFrameworksBuildPhase section */
		FCC753102556DC46005500D9 /* Frameworks */ = {
			isa = PBXFrameworksBuildPhase;
			buildActionMask = 2147483647;
			files = (
			);
			runOnlyForDeploymentPostprocessing = 0;
		};
/* End PBXFrameworksBuildPhase section */

/* Begin PBXGroup section */
		FCC7530A2556DC46005500D9 = {
			isa = PBXGroup;
			children = (
				FCC753152556DC46005500D9 /* CodeOnly */,
				FCC753142556DC46005500D9 /* Products */,
			);
			sourceTree = "<group>";
		};
		FCC753142556DC46005500D9 /* Products */ = {
			isa = PBXGroup;
			children = (
				FCC753132556DC46005500D9 /* CodeOnly.app */,
			);
			name = Products;
			sourceTree = "<group>";
		};
		FCC753152556DC46005500D9 /* CodeOnly */ = {
			isa = PBXGroup;
			children = (
				FCC753162556DC46005500D9 /* AppDelegate.swift */,
				FCC753182556DC46005500D9 /* SceneDelegate.swift */,
				FCC7531A2556DC46005500D9 /* ViewController.swift */,
				FCC7532D2556DD99005500D9 /* PushClasses */,
				FCC7531F2556DC48005500D9 /* Assets.xcassets */,
				FCC753212556DC48005500D9 /* LaunchScreen.storyboard */,
				FCC753242556DC48005500D9 /* Info.plist */,
			);
			path = CodeOnly;
			sourceTree = "<group>";
		};
		FCC7532D2556DD99005500D9 /* PushClasses */ = {
			isa = PBXGroup;
			children = (
				FCC7532E2556DDB3005500D9 /* SimpleViewController.swift */,
				FCC753322556DDCB005500D9 /* ExampleTableViewController.swift */,
				FCC753382556E411005500D9 /* DetailViewController.swift */,
				FCC753352556E232005500D9 /* GradientViewController.swift */,
			);
			path = PushClasses;
			sourceTree = "<group>";
		};
/* End PBXGroup section */

/* Begin PBXNativeTarget section */
		FCC753122556DC46005500D9 /* CodeOnly */ = {
			isa = PBXNativeTarget;
			buildConfigurationList = FCC753272556DC48005500D9 /* Build configuration list for PBXNativeTarget "CodeOnly" */;
			buildPhases = (
				FCC7530F2556DC46005500D9 /* Sources */,
				FCC753102556DC46005500D9 /* Frameworks */,
				FCC753112556DC46005500D9 /* Resources */,
			);
			buildRules = (
			);
			dependencies = (
			);
			name = CodeOnly;
			productName = CodeOnly;
			productReference = FCC753132556DC46005500D9 /* CodeOnly.app */;
			productType = "com.apple.product-type.application";
		};
/* End PBXNativeTarget section */

/* Begin PBXProject section */
		FCC7530B2556DC46005500D9 /* Project object */ = {
			isa = PBXProject;
			attributes = {
				LastSwiftUpdateCheck = 1200;
				LastUpgradeCheck = 1200;
				TargetAttributes = {
					FCC753122556DC46005500D9 = {
						CreatedOnToolsVersion = 12.0;
					};
				};
			};
			buildConfigurationList = FCC7530E2556DC46005500D9 /* Build configuration list for PBXProject "CodeOnly" */;
			compatibilityVersion = "Xcode 9.3";
			developmentRegion = en;
			hasScannedForEncodings = 0;
			knownRegions = (
				en,
				Base,
			);
			mainGroup = FCC7530A2556DC46005500D9;
			productRefGroup = FCC753142556DC46005500D9 /* Products */;
			projectDirPath = "";
			projectRoot = "";
			targets = (
				FCC753122556DC46005500D9 /* CodeOnly */,
			);
		};
/* End PBXProject section */

/* Begin PBXResourcesBuildPhase section */
		FCC753112556DC46005500D9 /* Resources */ = {
			isa = PBXResourcesBuildPhase;
			buildActionMask = 2147483647;
			files = (
				FCC753232556DC48005500D9 /* LaunchScreen.storyboard in Resources */,
				FCC753202556DC48005500D9 /* Assets.xcassets in Resources */,
			);
			runOnlyForDeploymentPostprocessing = 0;
		};
/* End PBXResourcesBuildPhase section */

/* Begin PBXSourcesBuildPhase section */
		FCC7530F2556DC46005500D9 /* Sources */ = {
			isa = PBXSourcesBuildPhase;
			buildActionMask = 2147483647;
			files = (
				FCC753332556DDCB005500D9 /* ExampleTableViewController.swift in Sources */,
				FCC7531B2556DC46005500D9 /* ViewController.swift in Sources */,
				FCC753362556E232005500D9 /* GradientViewController.swift in Sources */,
				FCC753172556DC46005500D9 /* AppDelegate.swift in Sources */,
				FCC7532F2556DDB3005500D9 /* SimpleViewController.swift in Sources */,
				FCC753192556DC46005500D9 /* SceneDelegate.swift in Sources */,
				FCC753392556E411005500D9 /* DetailViewController.swift in Sources */,
			);
			runOnlyForDeploymentPostprocessing = 0;
		};
/* End PBXSourcesBuildPhase section */

/* Begin PBXVariantGroup section */
		FCC753212556DC48005500D9 /* LaunchScreen.storyboard */ = {
			isa = PBXVariantGroup;
			children = (
				FCC753222556DC48005500D9 /* Base */,
			);
			name = LaunchScreen.storyboard;
			sourceTree = "<group>";
		};
/* End PBXVariantGroup section */

/* Begin XCBuildConfiguration section */
		FCC753252556DC48005500D9 /* Debug */ = {
			isa = XCBuildConfiguration;
			buildSettings = {
				ALWAYS_SEARCH_USER_PATHS = NO;
				CLANG_ANALYZER_NONNULL = YES;
				CLANG_ANALYZER_NUMBER_OBJECT_CONVERSION = YES_AGGRESSIVE;
				CLANG_CXX_LANGUAGE_STANDARD = "gnu++14";
				CLANG_CXX_LIBRARY = "libc++";
				CLANG_ENABLE_MODULES = YES;
				CLANG_ENABLE_OBJC_ARC = YES;
				CLANG_ENABLE_OBJC_WEAK = YES;
				CLANG_WARN_BLOCK_CAPTURE_AUTORELEASING = YES;
				CLANG_WARN_BOOL_CONVERSION = YES;
				CLANG_WARN_COMMA = YES;
				CLANG_WARN_CONSTANT_CONVERSION = YES;
				CLANG_WARN_DEPRECATED_OBJC_IMPLEMENTATIONS = YES;
				CLANG_WARN_DIRECT_OBJC_ISA_USAGE = YES_ERROR;
				CLANG_WARN_DOCUMENTATION_COMMENTS = YES;
				CLANG_WARN_EMPTY_BODY = YES;
				CLANG_WARN_ENUM_CONVERSION = YES;
				CLANG_WARN_INFINITE_RECURSION = YES;
				CLANG_WARN_INT_CONVERSION = YES;
				CLANG_WARN_NON_LITERAL_NULL_CONVERSION = YES;
				CLANG_WARN_OBJC_IMPLICIT_RETAIN_SELF = YES;
				CLANG_WARN_OBJC_LITERAL_CONVERSION = YES;
				CLANG_WARN_OBJC_ROOT_CLASS = YES_ERROR;
				CLANG_WARN_QUOTED_INCLUDE_IN_FRAMEWORK_HEADER = YES;
				CLANG_WARN_RANGE_LOOP_ANALYSIS = YES;
				CLANG_WARN_STRICT_PROTOTYPES = YES;
				CLANG_WARN_SUSPICIOUS_MOVE = YES;
				CLANG_WARN_UNGUARDED_AVAILABILITY = YES_AGGRESSIVE;
				CLANG_WARN_UNREACHABLE_CODE = YES;
				CLANG_WARN__DUPLICATE_METHOD_MATCH = YES;
				COPY_PHASE_STRIP = NO;
				DEBUG_INFORMATION_FORMAT = dwarf;
				ENABLE_STRICT_OBJC_MSGSEND = YES;
				ENABLE_TESTABILITY = YES;
				GCC_C_LANGUAGE_STANDARD = gnu11;
				GCC_DYNAMIC_NO_PIC = NO;
				GCC_NO_COMMON_BLOCKS = YES;
				GCC_OPTIMIZATION_LEVEL = 0;
				GCC_PREPROCESSOR_DEFINITIONS = (
					"DEBUG=1",
					"$(inherited)",
				);
				GCC_WARN_64_TO_32_BIT_CONVERSION = YES;
				GCC_WARN_ABOUT_RETURN_TYPE = YES_ERROR;
				GCC_WARN_UNDECLARED_SELECTOR = YES;
				GCC_WARN_UNINITIALIZED_AUTOS = YES_AGGRESSIVE;
				GCC_WARN_UNUSED_FUNCTION = YES;
				GCC_WARN_UNUSED_VARIABLE = YES;
				IPHONEOS_DEPLOYMENT_TARGET = 14.0;
				MTL_ENABLE_DEBUG_INFO = INCLUDE_SOURCE;
				MTL_FAST_MATH = YES;
				ONLY_ACTIVE_ARCH = YES;
				SDKROOT = iphoneos;
				SWIFT_ACTIVE_COMPILATION_CONDITIONS = DEBUG;
				SWIFT_OPTIMIZATION_LEVEL = "-Onone";
			};
			name = Debug;
		};
		FCC753262556DC48005500D9 /* Release */ = {
			isa = XCBuildConfiguration;
			buildSettings = {
				ALWAYS_SEARCH_USER_PATHS = NO;
				CLANG_ANALYZER_NONNULL = YES;
				CLANG_ANALYZER_NUMBER_OBJECT_CONVERSION = YES_AGGRESSIVE;
				CLANG_CXX_LANGUAGE_STANDARD = "gnu++14";
				CLANG_CXX_LIBRARY = "libc++";
				CLANG_ENABLE_MODULES = YES;
				CLANG_ENABLE_OBJC_ARC = YES;
				CLANG_ENABLE_OBJC_WEAK = YES;
				CLANG_WARN_BLOCK_CAPTURE_AUTORELEASING = YES;
				CLANG_WARN_BOOL_CONVERSION = YES;
				CLANG_WARN_COMMA = YES;
				CLANG_WARN_CONSTANT_CONVERSION = YES;
				CLANG_WARN_DEPRECATED_OBJC_IMPLEMENTATIONS = YES;
				CLANG_WARN_DIRECT_OBJC_ISA_USAGE = YES_ERROR;
				CLANG_WARN_DOCUMENTATION_COMMENTS = YES;
				CLANG_WARN_EMPTY_BODY = YES;
				CLANG_WARN_ENUM_CONVERSION = YES;
				CLANG_WARN_INFINITE_RECURSION = YES;
				CLANG_WARN_INT_CONVERSION = YES;
				CLANG_WARN_NON_LITERAL_NULL_CONVERSION = YES;
				CLANG_WARN_OBJC_IMPLICIT_RETAIN_SELF = YES;
				CLANG_WARN_OBJC_LITERAL_CONVERSION = YES;
				CLANG_WARN_OBJC_ROOT_CLASS = YES_ERROR;
				CLANG_WARN_QUOTED_INCLUDE_IN_FRAMEWORK_HEADER = YES;
				CLANG_WARN_RANGE_LOOP_ANALYSIS = YES;
				CLANG_WARN_STRICT_PROTOTYPES = YES;
				CLANG_WARN_SUSPICIOUS_MOVE = YES;
				CLANG_WARN_UNGUARDED_AVAILABILITY = YES_AGGRESSIVE;
				CLANG_WARN_UNREACHABLE_CODE = YES;
				CLANG_WARN__DUPLICATE_METHOD_MATCH = YES;
				COPY_PHASE_STRIP = NO;
				DEBUG_INFORMATION_FORMAT = "dwarf-with-dsym";
				ENABLE_NS_ASSERTIONS = NO;
				ENABLE_STRICT_OBJC_MSGSEND = YES;
				GCC_C_LANGUAGE_STANDARD = gnu11;
				GCC_NO_COMMON_BLOCKS = YES;
				GCC_WARN_64_TO_32_BIT_CONVERSION = YES;
				GCC_WARN_ABOUT_RETURN_TYPE = YES_ERROR;
				GCC_WARN_UNDECLARED_SELECTOR = YES;
				GCC_WARN_UNINITIALIZED_AUTOS = YES_AGGRESSIVE;
				GCC_WARN_UNUSED_FUNCTION = YES;
				GCC_WARN_UNUSED_VARIABLE = YES;
				IPHONEOS_DEPLOYMENT_TARGET = 14.0;
				MTL_ENABLE_DEBUG_INFO = NO;
				MTL_FAST_MATH = YES;
				SDKROOT = iphoneos;
				SWIFT_COMPILATION_MODE = wholemodule;
				SWIFT_OPTIMIZATION_LEVEL = "-O";
				VALIDATE_PRODUCT = YES;
			};
			name = Release;
		};
		FCC753282556DC48005500D9 /* Debug */ = {
			isa = XCBuildConfiguration;
			buildSettings = {
				ASSETCATALOG_COMPILER_APPICON_NAME = AppIcon;
				ASSETCATALOG_COMPILER_GLOBAL_ACCENT_COLOR_NAME = AccentColor;
				CODE_SIGN_STYLE = Automatic;
				INFOPLIST_FILE = CodeOnly/Info.plist;
				LD_RUNPATH_SEARCH_PATHS = (
					"$(inherited)",
					"@executable_path/Frameworks",
				);
				PRODUCT_BUNDLE_IDENTIFIER = com.DonMag.CodeOnly;
				PRODUCT_NAME = "$(TARGET_NAME)";
				SWIFT_VERSION = 5.0;
				TARGETED_DEVICE_FAMILY = "1,2";
			};
			name = Debug;
		};
		FCC753292556DC48005500D9 /* Release */ = {
			isa = XCBuildConfiguration;
			buildSettings = {
				ASSETCATALOG_COMPILER_APPICON_NAME = AppIcon;
				ASSETCATALOG_COMPILER_GLOBAL_ACCENT_COLOR_NAME = AccentColor;
				CODE_SIGN_STYLE = Automatic;
				INFOPLIST_FILE = CodeOnly/Info.plist;
				LD_RUNPATH_SEARCH_PATHS = (
					"$(inherited)",
					"@executable_path/Frameworks",
				);
				PRODUCT_BUNDLE_IDENTIFIER = com.DonMag.CodeOnly;
				PRODUCT_NAME = "$(TARGET_NAME)";
				SWIFT_VERSION = 5.0;
				TARGETED_DEVICE_FAMILY = "1,2";
			};
			name = Release;
		};
/* End XCBuildConfiguration section */

/* Begin XCConfigurationList section */
		FCC7530E2556DC46005500D9 /* Build configuration list for PBXProject "CodeOnly" */ = {
			isa = XCConfigurationList;
			buildConfigurations = (
				FCC753252556DC48005500D9 /* Debug */,
				FCC753262556DC48005500D9 /* Release */,
			);
			defaultConfigurationIsVisible = 0;
			defaultConfigurationName = Release;
		};
		FCC753272556DC48005500D9 /* Build configuration list for PBXNativeTarget "CodeOnly" */ = {
			isa = XCConfigurationList;
			buildConfigurations = (
				FCC753282556DC48005500D9 /* Debug */,
				FCC753292556DC48005500D9 /* Release */,
			);
			defaultConfigurationIsVisible = 0;
			defaultConfigurationName = Release;
		};
/* End XCConfigurationList section */
	};
	rootObject = FCC7530B2556DC46005500D9 /* Project object */;
}
